
Microsoft Visual Studio Solution File, Format Version 12.00
# Visual Studio 2013
VisualStudioVersion = 12.0.31101.0
MinimumVisualStudioVersion = 10.0.40219.1
Project("{FAE04EC0-301F-11D3-BF4B-00C04F79EFBC}") = "ContinuousIntegrationDemo", "ContinuousIntegrationDemo\ContinuousIntegrationDemo.csproj", "{C8086FAF-6AAB-4D77-A6E9-A84A736408C9}"
EndProject
Project("{FAE04EC0-301F-11D3-BF4B-00C04F79EFBC}") = "ContinuousIntegrationDemo.Tests", "ContinuousIntegrationDemo.Tests\ContinuousIntegrationDemo.Tests.csproj", "{98074908-1CA0-42DD-ACD2-F6E15F934DAD}"
EndProject
Project("{2150E333-8FDC-42A3-9474-1A3956D46DE8}") = ".nuget", ".nuget", "{E560A221-BC1E-4373-8C70-2CB55172B8F3}"
	ProjectSection(SolutionItems) = preProject
		.nuget\packages.config = .nuget\packages.config
	EndProjectSection
EndProject
Global
	GlobalSection(SolutionConfigurationPlatforms) = preSolution
		Debug|Any CPU = Debug|Any CPU
		Release|Any CPU = Release|Any CPU
	EndGlobalSection
	GlobalSection(ProjectConfigurationPlatforms) = postSolution
		{C8086FAF-6AAB-4D77-A6E9-A84A736408C9}.Debug|Any CPU.ActiveCfg = Debug|Any CPU
		{C8086FAF-6AAB-4D77-A6E9-A84A736408C9}.Debug|Any CPU.Build.0 = Debug|Any CPU
		{C8086FAF-6AAB-4D77-A6E9-A84A736408C9}.Release|Any CPU.ActiveCfg = Release|Any CPU
		{C8086FAF-6AAB-4D77-A6E9-A84A736408C9}.Release|Any CPU.Build.0 = Release|Any CPU
		{98074908-1CA0-42DD-ACD2-F6E15F934DAD}.Debug|Any CPU.ActiveCfg = Debug|Any CPU
		{98074908-1CA0-42DD-ACD2-F6E15F934DAD}.Debug|Any CPU.Build.0 = Debug|Any CPU
		{98074908-1CA0-42DD-ACD2-F6E15F934DAD}.Release|Any CPU.ActiveCfg = Release|Any CPU
		{98074908-1CA0-42DD-ACD2-F6E15F934DAD}.Release|Any CPU.Build.0 = Release|Any CPU
	EndGlobalSection
	GlobalSection(SolutionProperties) = preSolution
		HideSolutionNode = FALSE
	EndGlobalSection
EndGlobal
